{
  "name": "finalproject01",
  "version": "1.0.0",
  "lockfileVersion": 2,
  "requires": true,
  "packages": {
    "": {
      "name": "finalproject01",
      "version": "1.0.0",
      "license": "ISC",
      "dependencies": {
        "@chrisoakman/chessboardjs": "^1.0.0",
        "ch": "^0.3.0",
        "chess.js": "^1.0.0-alpha.0"
      },
      "devDependencies": {
        "typescript": "^4.9.4"
      }
    },
    "node_modules/@chrisoakman/chessboardjs": {
      "version": "1.0.0",
      "resolved": "https://registry.npmjs.org/@chrisoakman/chessboardjs/-/chessboardjs-1.0.0.tgz",
      "integrity": "sha512-JHXHoQwwc86xW3F0YIdFcEWLnPldee5mHkqwJbOTeDh5gvNmYXyBj6AkeecDkj2WtORF959yaWYlpyZHUl3LCQ==",
      "dependencies": {
        "jquery": ">=3.4.1"
      }
    },
    "node_modules/ch": {
      "version": "0.3.0",
      "resolved": "https://registry.npmjs.org/ch/-/ch-0.3.0.tgz",
      "integrity": "sha512-NP+Xheh3Z05CrYz88F+lJmLC2vfTLuLVqQQF/hej6nwDCj6MHWdJYmOCz3/a8qBt4ciwIxtlorzm3TeqGNnH3g=="
    },
    "node_modules/chess.js": {
      "version": "1.0.0-alpha.0",
      "resolved": "https://registry.npmjs.org/chess.js/-/chess.js-1.0.0-alpha.0.tgz",
      "integrity": "sha512-nwEDlNEOZR/FaKW1DZLYtjgJrtAlxBW/6Fp4Hk8QXqpCCLrXweOU6/vKfJ/jNHT2gPqasxi0/ZPslcWAAdzozg=="
    },
    "node_modules/jquery": {
      "version": "3.6.1",
      "resolved": "https://registry.npmjs.org/jquery/-/jquery-3.6.1.tgz",
      "integrity": "sha512-opJeO4nCucVnsjiXOE+/PcCgYw9Gwpvs/a6B1LL/lQhwWwpbVEVYDZ1FokFr8PRc7ghYlrFPuyHuiiDNTQxmcw=="
    },
    "node_modules/typescript": {
      "version": "4.9.4",
      "resolved": "https://registry.npmjs.org/typescript/-/typescript-4.9.4.tgz",
      "integrity": "sha512-Uz+dTXYzxXXbsFpM86Wh3dKCxrQqUcVMxwU54orwlJjOpO3ao8L7j5lH+dWfTwgCwIuM9GQ2kvVotzYJMXTBZg==",
      "dev": true,
      "bin": {
        "tsc": "bin/tsc",
        "tsserver": "bin/tsserver"
      },
      "engines": {
        "node": ">=4.2.0"
      }
    }
  },
  "dependencies": {
    "@chrisoakman/chessboardjs": {
      "version": "1.0.0",
      "resolved": "https://registry.npmjs.org/@chrisoakman/chessboardjs/-/chessboardjs-1.0.0.tgz",
      "integrity": "sha512-JHXHoQwwc86xW3F0YIdFcEWLnPldee5mHkqwJbOTeDh5gvNmYXyBj6AkeecDkj2WtORF959yaWYlpyZHUl3LCQ==",
      "requires": {
        "jquery": ">=3.4.1"
      }
    },
    "ch": {
      "version": "0.3.0",
      "resolved": "https://registry.npmjs.org/ch/-/ch-0.3.0.tgz",
      "integrity": "sha512-NP+Xheh3Z05CrYz88F+lJmLC2vfTLuLVqQQF/hej6nwDCj6MHWdJYmOCz3/a8qBt4ciwIxtlorzm3TeqGNnH3g=="
    },
    "chess.js": {
      "version": "1.0.0-alpha.0",
      "resolved": "https://registry.npmjs.org/chess.js/-/chess.js-1.0.0-alpha.0.tgz",
      "integrity": "sha512-nwEDlNEOZR/FaKW1DZLYtjgJrtAlxBW/6Fp4Hk8QXqpCCLrXweOU6/vKfJ/jNHT2gPqasxi0/ZPslcWAAdzozg=="
    },
    "jquery": {
      "version": "3.6.1",
      "resolved": "https://registry.npmjs.org/jquery/-/jquery-3.6.1.tgz",
      "integrity": "sha512-opJeO4nCucVnsjiXOE+/PcCgYw9Gwpvs/a6B1LL/lQhwWwpbVEVYDZ1FokFr8PRc7ghYlrFPuyHuiiDNTQxmcw=="
    },
    "typescript": {
      "version": "4.9.4",
      "resolved": "https://registry.npmjs.org/typescript/-/typescript-4.9.4.tgz",
      "integrity": "sha512-Uz+dTXYzxXXbsFpM86Wh3dKCxrQqUcVMxwU54orwlJjOpO3ao8L7j5lH+dWfTwgCwIuM9GQ2kvVotzYJMXTBZg==",
      "dev": true
    }
  }
}
